// !$*UTF8*$!
{
	archiveVersion = 1;
	classes = {
	};
	objectVersion = 50;
	objects = {

/* Begin PBXBuildFile section */
		A98400002278AF4100A7F50B /* Works.swift in Sources */ = {isa = PBXBuildFile; fileRef = A984FFFF2278AF4100A7F50B /* Works.swift */; };
		A98400022278AF5F00A7F50B /* HeaderStatus.swift in Sources */ = {isa = PBXBuildFile; fileRef = A98400012278AF5F00A7F50B /* HeaderStatus.swift */; };
		A98400042278AF7C00A7F50B /* Skill.swift in Sources */ = {isa = PBXBuildFile; fileRef = A98400032278AF7C00A7F50B /* Skill.swift */; };
		A984FFFE2278AF2600A7F50B /* Contacts.swift in Sources */ = {isa = PBXBuildFile; fileRef = A984FFFD2278AF2600A7F50B /* Contacts.swift */; };
		A9F1A44B22788AD900FDE21E /* SkillsTableViewCell.swift in Sources */ = {isa = PBXBuildFile; fileRef = A9F1A44A22788AD900FDE21E /* SkillsTableViewCell.swift */; };
		C10746A122749DBB00DBA111 /* AppDelegate.swift in Sources */ = {isa = PBXBuildFile; fileRef = C10746A022749DBB00DBA111 /* AppDelegate.swift */; };
		C10746A622749DBB00DBA111 /* Main.storyboard in Resources */ = {isa = PBXBuildFile; fileRef = C10746A422749DBB00DBA111 /* Main.storyboard */; };
		C10746A822749DBE00DBA111 /* Assets.xcassets in Resources */ = {isa = PBXBuildFile; fileRef = C10746A722749DBE00DBA111 /* Assets.xcassets */; };
		C10746AB22749DBE00DBA111 /* LaunchScreen.storyboard in Resources */ = {isa = PBXBuildFile; fileRef = C10746A922749DBE00DBA111 /* LaunchScreen.storyboard */; };
		C10746B52274AB4000DBA111 /* AboutMeViewController.swift in Sources */ = {isa = PBXBuildFile; fileRef = C10746B42274AB4000DBA111 /* AboutMeViewController.swift */; };
		C10746BC2274AC3D00DBA111 /* ProfessionalViewController.swift in Sources */ = {isa = PBXBuildFile; fileRef = C10746BB2274AC3D00DBA111 /* ProfessionalViewController.swift */; };
		C10746BE2274AC5500DBA111 /* AdditionalInfoViewController.swift in Sources */ = {isa = PBXBuildFile; fileRef = C10746BD2274AC5500DBA111 /* AdditionalInfoViewController.swift */; };
		C10746C02274B25B00DBA111 /* InfoAboutMe.swift in Sources */ = {isa = PBXBuildFile; fileRef = C10746BF2274B25B00DBA111 /* InfoAboutMe.swift */; };
		C10746C22274BAE300DBA111 /* Education.swift in Sources */ = {isa = PBXBuildFile; fileRef = C10746C12274BAE300DBA111 /* Education.swift */; };
		C10746C42274C23500DBA111 /* SummaryCollectionViewCell.swift in Sources */ = {isa = PBXBuildFile; fileRef = C10746C32274C23500DBA111 /* SummaryCollectionViewCell.swift */; };
		C1E420D0227840BA00FD0BC3 /* SocialNetworkViewController.swift in Sources */ = {isa = PBXBuildFile; fileRef = C1E420CF227840BA00FD0BC3 /* SocialNetworkViewController.swift */; };
		C1E420D2227983B600FD0BC3 /* ExperienceViewController.swift in Sources */ = {isa = PBXBuildFile; fileRef = C1E420D1227983B600FD0BC3 /* ExperienceViewController.swift */; };
		C1E420D4227983C500FD0BC3 /* AboutAppViewController.swift in Sources */ = {isa = PBXBuildFile; fileRef = C1E420D3227983C500FD0BC3 /* AboutAppViewController.swift */; };
		C1E420D622798A7000FD0BC3 /* JobTitleTableViewCell.swift in Sources */ = {isa = PBXBuildFile; fileRef = C1E420D522798A7000FD0BC3 /* JobTitleTableViewCell.swift */; };
		C1E420D822798A8F00FD0BC3 /* JobDescriptionTableViewCell.swift in Sources */ = {isa = PBXBuildFile; fileRef = C1E420D722798A8F00FD0BC3 /* JobDescriptionTableViewCell.swift */; };
		C1E420DA22798ADD00FD0BC3 /* JobTitleTableViewCell.xib in Resources */ = {isa = PBXBuildFile; fileRef = C1E420D922798ADD00FD0BC3 /* JobTitleTableViewCell.xib */; };
		C1E420DC22798B0400FD0BC3 /* JobDescriptionTableViewCell.xib in Resources */ = {isa = PBXBuildFile; fileRef = C1E420DB22798B0400FD0BC3 /* JobDescriptionTableViewCell.xib */; };
/* End PBXBuildFile section */

/* Begin PBXFileReference section */
		A98400012278AF5F00A7F50B /* HeaderStatus.swift */ = {isa = PBXFileReference; lastKnownFileType = sourcecode.swift; path = HeaderStatus.swift; sourceTree = "<group>"; };
		A98400032278AF7C00A7F50B /* Skill.swift */ = {isa = PBXFileReference; lastKnownFileType = sourcecode.swift; path = Skill.swift; sourceTree = "<group>"; };
		A984FFFD2278AF2600A7F50B /* Contacts.swift */ = {isa = PBXFileReference; lastKnownFileType = sourcecode.swift; path = Contacts.swift; sourceTree = "<group>"; };
		A984FFFF2278AF4100A7F50B /* Works.swift */ = {isa = PBXFileReference; lastKnownFileType = sourcecode.swift; path = Works.swift; sourceTree = "<group>"; };
		A9F1A4452278718E00FDE21E /* Info.plist */ = {isa = PBXFileReference; fileEncoding = 4; lastKnownFileType = text.plist.xml; path = Info.plist; sourceTree = "<group>"; };
		A9F1A44A22788AD900FDE21E /* SkillsTableViewCell.swift */ = {isa = PBXFileReference; lastKnownFileType = sourcecode.swift; path = SkillsTableViewCell.swift; sourceTree = "<group>"; };
		C107469D22749DBB00DBA111 /* CV_by_V.Likhotkina.app */ = {isa = PBXFileReference; explicitFileType = wrapper.application; includeInIndex = 0; path = CV_by_V.Likhotkina.app; sourceTree = BUILT_PRODUCTS_DIR; };
		C10746A022749DBB00DBA111 /* AppDelegate.swift */ = {isa = PBXFileReference; lastKnownFileType = sourcecode.swift; path = AppDelegate.swift; sourceTree = "<group>"; };
		C10746A522749DBB00DBA111 /* Base */ = {isa = PBXFileReference; lastKnownFileType = file.storyboard; name = Base; path = Base.lproj/Main.storyboard; sourceTree = "<group>"; };
		C10746A722749DBE00DBA111 /* Assets.xcassets */ = {isa = PBXFileReference; lastKnownFileType = folder.assetcatalog; path = Assets.xcassets; sourceTree = "<group>"; };
		C10746AA22749DBE00DBA111 /* Base */ = {isa = PBXFileReference; lastKnownFileType = file.storyboard; name = Base; path = Base.lproj/LaunchScreen.storyboard; sourceTree = "<group>"; };
		C10746B42274AB4000DBA111 /* AboutMeViewController.swift */ = {isa = PBXFileReference; lastKnownFileType = sourcecode.swift; name = AboutMeViewController.swift; path = ../AboutMeViewController.swift; sourceTree = "<group>"; };
		C10746BB2274AC3D00DBA111 /* ProfessionalViewController.swift */ = {isa = PBXFileReference; lastKnownFileType = sourcecode.swift; path = ProfessionalViewController.swift; sourceTree = "<group>"; };
		C10746BD2274AC5500DBA111 /* AdditionalInfoViewController.swift */ = {isa = PBXFileReference; lastKnownFileType = sourcecode.swift; path = AdditionalInfoViewController.swift; sourceTree = "<group>"; };
		C10746BF2274B25B00DBA111 /* InfoAboutMe.swift */ = {isa = PBXFileReference; lastKnownFileType = sourcecode.swift; path = InfoAboutMe.swift; sourceTree = "<group>"; };
		C10746C12274BAE300DBA111 /* Education.swift */ = {isa = PBXFileReference; lastKnownFileType = sourcecode.swift; path = Education.swift; sourceTree = "<group>"; };
		C10746C32274C23500DBA111 /* SummaryCollectionViewCell.swift */ = {isa = PBXFileReference; lastKnownFileType = sourcecode.swift; path = SummaryCollectionViewCell.swift; sourceTree = "<group>"; };
		C1E420CF227840BA00FD0BC3 /* SocialNetworkViewController.swift */ = {isa = PBXFileReference; lastKnownFileType = sourcecode.swift; path = SocialNetworkViewController.swift; sourceTree = "<group>"; };
		C1E420D1227983B600FD0BC3 /* ExperienceViewController.swift */ = {isa = PBXFileReference; lastKnownFileType = sourcecode.swift; path = ExperienceViewController.swift; sourceTree = "<group>"; };
		C1E420D3227983C500FD0BC3 /* AboutAppViewController.swift */ = {isa = PBXFileReference; lastKnownFileType = sourcecode.swift; path = AboutAppViewController.swift; sourceTree = "<group>"; };
		C1E420D522798A7000FD0BC3 /* JobTitleTableViewCell.swift */ = {isa = PBXFileReference; lastKnownFileType = sourcecode.swift; path = JobTitleTableViewCell.swift; sourceTree = "<group>"; };
		C1E420D722798A8F00FD0BC3 /* JobDescriptionTableViewCell.swift */ = {isa = PBXFileReference; lastKnownFileType = sourcecode.swift; path = JobDescriptionTableViewCell.swift; sourceTree = "<group>"; };
		C1E420D922798ADD00FD0BC3 /* JobTitleTableViewCell.xib */ = {isa = PBXFileReference; lastKnownFileType = file.xib; path = JobTitleTableViewCell.xib; sourceTree = "<group>"; };
		C1E420DB22798B0400FD0BC3 /* JobDescriptionTableViewCell.xib */ = {isa = PBXFileReference; lastKnownFileType = file.xib; path = JobDescriptionTableViewCell.xib; sourceTree = "<group>"; };
/* End PBXFileReference section */

/* Begin PBXFrameworksBuildPhase section */
		C107469A22749DBB00DBA111 /* Frameworks */ = {
			isa = PBXFrameworksBuildPhase;
			buildActionMask = 2147483647;
			files = (
			);
			runOnlyForDeploymentPostprocessing = 0;
		};
/* End PBXFrameworksBuildPhase section */

/* Begin PBXGroup section */
		C107469422749DBB00DBA111 = {
			isa = PBXGroup;
			children = (
				C107469F22749DBB00DBA111 /* CV_by_V.Likhotkina */,
				C107469E22749DBB00DBA111 /* Products */,
			);
			sourceTree = "<group>";
		};
		C107469E22749DBB00DBA111 /* Products */ = {
			isa = PBXGroup;
			children = (
				C107469D22749DBB00DBA111 /* CV_by_V.Likhotkina.app */,
			);
			name = Products;
			sourceTree = "<group>";
		};
		C107469F22749DBB00DBA111 /* CV_by_V.Likhotkina */ = {
			isa = PBXGroup;
			children = (
				A9F1A4452278718E00FDE21E /* Info.plist */,
				C10746B92274ABB200DBA111 /* View */,
				C10746B72274AB7500DBA111 /* Model */,
				C10746B62274AB4B00DBA111 /* Controller */,
				C10746BA2274ABE500DBA111 /* Other */,
			);
			path = CV_by_V.Likhotkina;
			sourceTree = "<group>";
		};
		C10746B62274AB4B00DBA111 /* Controller */ = {
			isa = PBXGroup;
			children = (
				C10746B42274AB4000DBA111 /* AboutMeViewController.swift */,
				C10746BB2274AC3D00DBA111 /* ProfessionalViewController.swift */,
				C10746BD2274AC5500DBA111 /* AdditionalInfoViewController.swift */,
				C1E420CF227840BA00FD0BC3 /* SocialNetworkViewController.swift */,
				C1E420D1227983B600FD0BC3 /* ExperienceViewController.swift */,
				C1E420D3227983C500FD0BC3 /* AboutAppViewController.swift */,
			);
			path = Controller;
			sourceTree = "<group>";
		};
		C10746B72274AB7500DBA111 /* Model */ = {
			isa = PBXGroup;
			children = (
				C10746BF2274B25B00DBA111 /* InfoAboutMe.swift */,
				C10746C12274BAE300DBA111 /* Education.swift */,
				A984FFFD2278AF2600A7F50B /* Contacts.swift */,
				A984FFFF2278AF4100A7F50B /* Works.swift */,
				A98400012278AF5F00A7F50B /* HeaderStatus.swift */,
				A98400032278AF7C00A7F50B /* Skill.swift */,
			);
			path = Model;
			sourceTree = "<group>";
		};
		C10746B92274ABB200DBA111 /* View */ = {
			isa = PBXGroup;
			children = (
				C10746A422749DBB00DBA111 /* Main.storyboard */,
				C10746A922749DBE00DBA111 /* LaunchScreen.storyboard */,
				C10746C32274C23500DBA111 /* SummaryCollectionViewCell.swift */,
				A9F1A44A22788AD900FDE21E /* SkillsTableViewCell.swift */,
				C1E420D522798A7000FD0BC3 /* JobTitleTableViewCell.swift */,
				C1E420D922798ADD00FD0BC3 /* JobTitleTableViewCell.xib */,
				C1E420D722798A8F00FD0BC3 /* JobDescriptionTableViewCell.swift */,
				C1E420DB22798B0400FD0BC3 /* JobDescriptionTableViewCell.xib */,
			);
			path = View;
			sourceTree = "<group>";
		};
		C10746BA2274ABE500DBA111 /* Other */ = {
			isa = PBXGroup;
			children = (
				C10746A022749DBB00DBA111 /* AppDelegate.swift */,
				C10746A722749DBE00DBA111 /* Assets.xcassets */,
			);
			path = Other;
			sourceTree = "<group>";
		};
/* End PBXGroup section */

/* Begin PBXNativeTarget section */
		C107469C22749DBB00DBA111 /* CV_by_V.Likhotkina */ = {
			isa = PBXNativeTarget;
			buildConfigurationList = C10746AF22749DBE00DBA111 /* Build configuration list for PBXNativeTarget "CV_by_V.Likhotkina" */;
			buildPhases = (
				C107469922749DBB00DBA111 /* Sources */,
				C107469A22749DBB00DBA111 /* Frameworks */,
				C107469B22749DBB00DBA111 /* Resources */,
			);
			buildRules = (
			);
			dependencies = (
			);
			name = CV_by_V.Likhotkina;
			productName = CV_by_V.Likhotkina;
			productReference = C107469D22749DBB00DBA111 /* CV_by_V.Likhotkina.app */;
			productType = "com.apple.product-type.application";
		};
/* End PBXNativeTarget section */

/* Begin PBXProject section */
		C107469522749DBB00DBA111 /* Project object */ = {
			isa = PBXProject;
			attributes = {
				LastSwiftUpdateCheck = 1020;
				LastUpgradeCheck = 1020;
				ORGANIZATIONNAME = Viktoria;
				TargetAttributes = {
					C107469C22749DBB00DBA111 = {
						CreatedOnToolsVersion = 10.2.1;
						LastSwiftMigration = 0920;
					};
				};
			};
			buildConfigurationList = C107469822749DBB00DBA111 /* Build configuration list for PBXProject "CV_by_V.Likhotkina" */;
			compatibilityVersion = "Xcode 9.3";
			developmentRegion = en;
			hasScannedForEncodings = 0;
			knownRegions = (
				en,
				Base,
			);
			mainGroup = C107469422749DBB00DBA111;
			productRefGroup = C107469E22749DBB00DBA111 /* Products */;
			projectDirPath = "";
			projectRoot = "";
			targets = (
				C107469C22749DBB00DBA111 /* CV_by_V.Likhotkina */,
			);
		};
/* End PBXProject section */

/* Begin PBXResourcesBuildPhase section */
		C107469B22749DBB00DBA111 /* Resources */ = {
			isa = PBXResourcesBuildPhase;
			buildActionMask = 2147483647;
			files = (
				C10746AB22749DBE00DBA111 /* LaunchScreen.storyboard in Resources */,
				C10746A822749DBE00DBA111 /* Assets.xcassets in Resources */,
				C1E420DA22798ADD00FD0BC3 /* JobTitleTableViewCell.xib in Resources */,
				C1E420DC22798B0400FD0BC3 /* JobDescriptionTableViewCell.xib in Resources */,
				C10746A622749DBB00DBA111 /* Main.storyboard in Resources */,
			);
			runOnlyForDeploymentPostprocessing = 0;
		};
/* End PBXResourcesBuildPhase section */

/* Begin PBXSourcesBuildPhase section */
		C107469922749DBB00DBA111 /* Sources */ = {
			isa = PBXSourcesBuildPhase;
			buildActionMask = 2147483647;
			files = (
				C1E420D2227983B600FD0BC3 /* ExperienceViewController.swift in Sources */,
				C1E420D822798A8F00FD0BC3 /* JobDescriptionTableViewCell.swift in Sources */,
				A98400002278AF4100A7F50B /* Works.swift in Sources */,
				A98400042278AF7C00A7F50B /* Skill.swift in Sources */,
				C1E420D0227840BA00FD0BC3 /* SocialNetworkViewController.swift in Sources */,
				A98400022278AF5F00A7F50B /* HeaderStatus.swift in Sources */,
				C10746BC2274AC3D00DBA111 /* ProfessionalViewController.swift in Sources */,
				C1E420D622798A7000FD0BC3 /* JobTitleTableViewCell.swift in Sources */,
				C10746C42274C23500DBA111 /* SummaryCollectionViewCell.swift in Sources */,
				C10746BE2274AC5500DBA111 /* AdditionalInfoViewController.swift in Sources */,
				C1E420D4227983C500FD0BC3 /* AboutAppViewController.swift in Sources */,
				A984FFFE2278AF2600A7F50B /* Contacts.swift in Sources */,
				C10746C22274BAE300DBA111 /* Education.swift in Sources */,
				C10746C02274B25B00DBA111 /* InfoAboutMe.swift in Sources */,
				C10746B52274AB4000DBA111 /* AboutMeViewController.swift in Sources */,
				C10746A122749DBB00DBA111 /* AppDelegate.swift in Sources */,
				A9F1A44B22788AD900FDE21E /* SkillsTableViewCell.swift in Sources */,
			);
			runOnlyForDeploymentPostprocessing = 0;
		};
/* End PBXSourcesBuildPhase section */

/* Begin PBXVariantGroup section */
		C10746A422749DBB00DBA111 /* Main.storyboard */ = {
			isa = PBXVariantGroup;
			children = (
				C10746A522749DBB00DBA111 /* Base */,
			);
			name = Main.storyboard;
			sourceTree = "<group>";
		};
		C10746A922749DBE00DBA111 /* LaunchScreen.storyboard */ = {
			isa = PBXVariantGroup;
			children = (
				C10746AA22749DBE00DBA111 /* Base */,
			);
			name = LaunchScreen.storyboard;
			sourceTree = "<group>";
		};
/* End PBXVariantGroup section */

/* Begin XCBuildConfiguration section */
		C10746AD22749DBE00DBA111 /* Debug */ = {
			isa = XCBuildConfiguration;
			buildSettings = {
				ALWAYS_SEARCH_USER_PATHS = NO;
				CLANG_ANALYZER_NONNULL = YES;
				CLANG_ANALYZER_NUMBER_OBJECT_CONVERSION = YES_AGGRESSIVE;
				CLANG_CXX_LANGUAGE_STANDARD = "gnu++14";
				CLANG_CXX_LIBRARY = "libc++";
				CLANG_ENABLE_MODULES = YES;
				CLANG_ENABLE_OBJC_ARC = YES;
				CLANG_ENABLE_OBJC_WEAK = YES;
				CLANG_WARN_BLOCK_CAPTURE_AUTORELEASING = YES;
				CLANG_WARN_BOOL_CONVERSION = YES;
				CLANG_WARN_COMMA = YES;
				CLANG_WARN_CONSTANT_CONVERSION = YES;
				CLANG_WARN_DEPRECATED_OBJC_IMPLEMENTATIONS = YES;
				CLANG_WARN_DIRECT_OBJC_ISA_USAGE = YES_ERROR;
				CLANG_WARN_DOCUMENTATION_COMMENTS = YES;
				CLANG_WARN_EMPTY_BODY = YES;
				CLANG_WARN_ENUM_CONVERSION = YES;
				CLANG_WARN_INFINITE_RECURSION = YES;
				CLANG_WARN_INT_CONVERSION = YES;
				CLANG_WARN_NON_LITERAL_NULL_CONVERSION = YES;
				CLANG_WARN_OBJC_IMPLICIT_RETAIN_SELF = YES;
				CLANG_WARN_OBJC_LITERAL_CONVERSION = YES;
				CLANG_WARN_OBJC_ROOT_CLASS = YES_ERROR;
				CLANG_WARN_RANGE_LOOP_ANALYSIS = YES;
				CLANG_WARN_STRICT_PROTOTYPES = YES;
				CLANG_WARN_SUSPICIOUS_MOVE = YES;
				CLANG_WARN_UNGUARDED_AVAILABILITY = YES_AGGRESSIVE;
				CLANG_WARN_UNREACHABLE_CODE = YES;
				CLANG_WARN__DUPLICATE_METHOD_MATCH = YES;
				CODE_SIGN_IDENTITY = "iPhone Developer";
				COPY_PHASE_STRIP = NO;
				DEBUG_INFORMATION_FORMAT = dwarf;
				ENABLE_STRICT_OBJC_MSGSEND = YES;
				ENABLE_TESTABILITY = YES;
				GCC_C_LANGUAGE_STANDARD = gnu11;
				GCC_DYNAMIC_NO_PIC = NO;
				GCC_NO_COMMON_BLOCKS = YES;
				GCC_OPTIMIZATION_LEVEL = 0;
				GCC_PREPROCESSOR_DEFINITIONS = (
					"DEBUG=1",
					"$(inherited)",
				);
				GCC_WARN_64_TO_32_BIT_CONVERSION = YES;
				GCC_WARN_ABOUT_RETURN_TYPE = YES_ERROR;
				GCC_WARN_UNDECLARED_SELECTOR = YES;
				GCC_WARN_UNINITIALIZED_AUTOS = YES_AGGRESSIVE;
				GCC_WARN_UNUSED_FUNCTION = YES;
				GCC_WARN_UNUSED_VARIABLE = YES;
				IPHONEOS_DEPLOYMENT_TARGET = 12.2;
				MTL_ENABLE_DEBUG_INFO = INCLUDE_SOURCE;
				MTL_FAST_MATH = YES;
				ONLY_ACTIVE_ARCH = YES;
				SDKROOT = iphoneos;
				SWIFT_ACTIVE_COMPILATION_CONDITIONS = DEBUG;
				SWIFT_OPTIMIZATION_LEVEL = "-Onone";
			};
			name = Debug;
		};
		C10746AE22749DBE00DBA111 /* Release */ = {
			isa = XCBuildConfiguration;
			buildSettings = {
				ALWAYS_SEARCH_USER_PATHS = NO;
				CLANG_ANALYZER_NONNULL = YES;
				CLANG_ANALYZER_NUMBER_OBJECT_CONVERSION = YES_AGGRESSIVE;
				CLANG_CXX_LANGUAGE_STANDARD = "gnu++14";
				CLANG_CXX_LIBRARY = "libc++";
				CLANG_ENABLE_MODULES = YES;
				CLANG_ENABLE_OBJC_ARC = YES;
				CLANG_ENABLE_OBJC_WEAK = YES;
				CLANG_WARN_BLOCK_CAPTURE_AUTORELEASING = YES;
				CLANG_WARN_BOOL_CONVERSION = YES;
				CLANG_WARN_COMMA = YES;
				CLANG_WARN_CONSTANT_CONVERSION = YES;
				CLANG_WARN_DEPRECATED_OBJC_IMPLEMENTATIONS = YES;
				CLANG_WARN_DIRECT_OBJC_ISA_USAGE = YES_ERROR;
				CLANG_WARN_DOCUMENTATION_COMMENTS = YES;
				CLANG_WARN_EMPTY_BODY = YES;
				CLANG_WARN_ENUM_CONVERSION = YES;
				CLANG_WARN_INFINITE_RECURSION = YES;
				CLANG_WARN_INT_CONVERSION = YES;
				CLANG_WARN_NON_LITERAL_NULL_CONVERSION = YES;
				CLANG_WARN_OBJC_IMPLICIT_RETAIN_SELF = YES;
				CLANG_WARN_OBJC_LITERAL_CONVERSION = YES;
				CLANG_WARN_OBJC_ROOT_CLASS = YES_ERROR;
				CLANG_WARN_RANGE_LOOP_ANALYSIS = YES;
				CLANG_WARN_STRICT_PROTOTYPES = YES;
				CLANG_WARN_SUSPICIOUS_MOVE = YES;
				CLANG_WARN_UNGUARDED_AVAILABILITY = YES_AGGRESSIVE;
				CLANG_WARN_UNREACHABLE_CODE = YES;
				CLANG_WARN__DUPLICATE_METHOD_MATCH = YES;
				CODE_SIGN_IDENTITY = "iPhone Developer";
				COPY_PHASE_STRIP = NO;
				DEBUG_INFORMATION_FORMAT = "dwarf-with-dsym";
				ENABLE_NS_ASSERTIONS = NO;
				ENABLE_STRICT_OBJC_MSGSEND = YES;
				GCC_C_LANGUAGE_STANDARD = gnu11;
				GCC_NO_COMMON_BLOCKS = YES;
				GCC_WARN_64_TO_32_BIT_CONVERSION = YES;
				GCC_WARN_ABOUT_RETURN_TYPE = YES_ERROR;
				GCC_WARN_UNDECLARED_SELECTOR = YES;
				GCC_WARN_UNINITIALIZED_AUTOS = YES_AGGRESSIVE;
				GCC_WARN_UNUSED_FUNCTION = YES;
				GCC_WARN_UNUSED_VARIABLE = YES;
				IPHONEOS_DEPLOYMENT_TARGET = 12.2;
				MTL_ENABLE_DEBUG_INFO = NO;
				MTL_FAST_MATH = YES;
				SDKROOT = iphoneos;
				SWIFT_OPTIMIZATION_LEVEL = "-Owholemodule";
				VALIDATE_PRODUCT = YES;
			};
			name = Release;
		};
		C10746B022749DBE00DBA111 /* Debug */ = {
			isa = XCBuildConfiguration;
			buildSettings = {
				ASSETCATALOG_COMPILER_APPICON_NAME = AppIcon;
				CLANG_ENABLE_MODULES = YES;
				CODE_SIGN_STYLE = Automatic;
				INFOPLIST_FILE = CV_by_V.Likhotkina/Info.plist;
				IPHONEOS_DEPLOYMENT_TARGET = 12.2;
				LD_RUNPATH_SEARCH_PATHS = (
					"$(inherited)",
					"@executable_path/Frameworks",
				);
				PRODUCT_BUNDLE_IDENTIFIER = "Viktoria.CV-by-V-Likhotkina";
				PRODUCT_NAME = "$(TARGET_NAME)";
				SWIFT_OPTIMIZATION_LEVEL = "-Onone";
				SWIFT_VERSION = 5.0;
				TARGETED_DEVICE_FAMILY = "1,2";
			};
			name = Debug;
		};
		C10746B122749DBE00DBA111 /* Release */ = {
			isa = XCBuildConfiguration;
			buildSettings = {
				ASSETCATALOG_COMPILER_APPICON_NAME = AppIcon;
				CLANG_ENABLE_MODULES = YES;
				CODE_SIGN_STYLE = Automatic;
				INFOPLIST_FILE = CV_by_V.Likhotkina/Info.plist;
				IPHONEOS_DEPLOYMENT_TARGET = 12.2;
				LD_RUNPATH_SEARCH_PATHS = (
					"$(inherited)",
					"@executable_path/Frameworks",
				);
				PRODUCT_BUNDLE_IDENTIFIER = "Viktoria.CV-by-V-Likhotkina";
				PRODUCT_NAME = "$(TARGET_NAME)";
				SWIFT_VERSION = 5.0;
				TARGETED_DEVICE_FAMILY = "1,2";
			};
			name = Release;
		};
/* End XCBuildConfiguration section */

/* Begin XCConfigurationList section */
		C107469822749DBB00DBA111 /* Build configuration list for PBXProject "CV_by_V.Likhotkina" */ = {
			isa = XCConfigurationList;
			buildConfigurations = (
				C10746AD22749DBE00DBA111 /* Debug */,
				C10746AE22749DBE00DBA111 /* Release */,
			);
			defaultConfigurationIsVisible = 0;
			defaultConfigurationName = Release;
		};
		C10746AF22749DBE00DBA111 /* Build configuration list for PBXNativeTarget "CV_by_V.Likhotkina" */ = {
			isa = XCConfigurationList;
			buildConfigurations = (
				C10746B022749DBE00DBA111 /* Debug */,
				C10746B122749DBE00DBA111 /* Release */,
			);
			defaultConfigurationIsVisible = 0;
			defaultConfigurationName = Release;
		};
/* End XCConfigurationList section */
	};
	rootObject = C107469522749DBB00DBA111 /* Project object */;
}
